
Microsoft Visual Studio Solution File, Format Version 12.00
Project("{FAE04EC0-301F-11D3-BF4B-00C04F79EFBC}") = "Structs", "Structs\Structs.csproj", "{B6C334D8-5C50-425E-95F0-497847E4E9DE}"
EndProject
Global
	GlobalSection(SolutionConfigurationPlatforms) = preSolution
		Debug|Any CPU = Debug|Any CPU
		Release|Any CPU = Release|Any CPU
	EndGlobalSection
	GlobalSection(ProjectConfigurationPlatforms) = postSolution
		{B6C334D8-5C50-425E-95F0-497847E4E9DE}.Debug|Any CPU.ActiveCfg = Debug|Any CPU
		{B6C334D8-5C50-425E-95F0-497847E4E9DE}.Debug|Any CPU.Build.0 = Debug|Any CPU
		{B6C334D8-5C50-425E-95F0-497847E4E9DE}.Release|Any CPU.ActiveCfg = Release|Any CPU
		{B6C334D8-5C50-425E-95F0-497847E4E9DE}.Release|Any CPU.Build.0 = Release|Any CPU
	EndGlobalSection
EndGlobal
