
Microsoft Visual Studio Solution File, Format Version 12.00
# Visual Studio Version 17
VisualStudioVersion = 17.4.33110.190
MinimumVisualStudioVersion = 10.0.40219.1
Project("{FAE04EC0-301F-11D3-BF4B-00C04F79EFBC}") = "helloWorld", "helloWorld\helloWorld.csproj", "{2DF788D6-D038-4548-9FB8-78309DD8170F}"
EndProject
Global
	GlobalSection(SolutionConfigurationPlatforms) = preSolution
		Debug|Any CPU = Debug|Any CPU
		Release|Any CPU = Release|Any CPU
	EndGlobalSection
	GlobalSection(ProjectConfigurationPlatforms) = postSolution
		{2DF788D6-D038-4548-9FB8-78309DD8170F}.Debug|Any CPU.ActiveCfg = Debug|Any CPU
		{2DF788D6-D038-4548-9FB8-78309DD8170F}.Debug|Any CPU.Build.0 = Debug|Any CPU
		{2DF788D6-D038-4548-9FB8-78309DD8170F}.Release|Any CPU.ActiveCfg = Release|Any CPU
		{2DF788D6-D038-4548-9FB8-78309DD8170F}.Release|Any CPU.Build.0 = Release|Any CPU
	EndGlobalSection
	GlobalSection(SolutionProperties) = preSolution
		HideSolutionNode = FALSE
	EndGlobalSection
	GlobalSection(ExtensibilityGlobals) = postSolution
		SolutionGuid = {4927E645-4930-4EEA-A224-7C81D4F49328}
	EndGlobalSection
EndGlobal
