
Microsoft Visual Studio Solution File, Format Version 12.00
# Visual Studio Version 17
VisualStudioVersion = 17.4.33110.190
MinimumVisualStudioVersion = 10.0.40219.1
Project("{FAE04EC0-301F-11D3-BF4B-00C04F79EFBC}") = "Classes", "Classes\Classes.csproj", "{4419BF4B-B6F4-412A-B2D4-771EB12E2014}"
EndProject
Global
	GlobalSection(SolutionConfigurationPlatforms) = preSolution
		Debug|Any CPU = Debug|Any CPU
		Release|Any CPU = Release|Any CPU
	EndGlobalSection
	GlobalSection(ProjectConfigurationPlatforms) = postSolution
		{4419BF4B-B6F4-412A-B2D4-771EB12E2014}.Debug|Any CPU.ActiveCfg = Debug|Any CPU
		{4419BF4B-B6F4-412A-B2D4-771EB12E2014}.Debug|Any CPU.Build.0 = Debug|Any CPU
		{4419BF4B-B6F4-412A-B2D4-771EB12E2014}.Release|Any CPU.ActiveCfg = Release|Any CPU
		{4419BF4B-B6F4-412A-B2D4-771EB12E2014}.Release|Any CPU.Build.0 = Release|Any CPU
	EndGlobalSection
	GlobalSection(SolutionProperties) = preSolution
		HideSolutionNode = FALSE
	EndGlobalSection
	GlobalSection(ExtensibilityGlobals) = postSolution
		SolutionGuid = {B44EDAB9-39F8-43B4-8CBE-E4C3620AEB40}
	EndGlobalSection
EndGlobal
