
Microsoft Visual Studio Solution File, Format Version 12.00
Project("{FAE04EC0-301F-11D3-BF4B-00C04F79EFBC}") = "IEnumerableDEMO2", "IEnumerableDEMO2\IEnumerableDEMO2.csproj", "{B946E92E-3EE3-414B-A201-A470DC28C69C}"
EndProject
Global
	GlobalSection(SolutionConfigurationPlatforms) = preSolution
		Debug|Any CPU = Debug|Any CPU
		Release|Any CPU = Release|Any CPU
	EndGlobalSection
	GlobalSection(ProjectConfigurationPlatforms) = postSolution
		{B946E92E-3EE3-414B-A201-A470DC28C69C}.Debug|Any CPU.ActiveCfg = Debug|Any CPU
		{B946E92E-3EE3-414B-A201-A470DC28C69C}.Debug|Any CPU.Build.0 = Debug|Any CPU
		{B946E92E-3EE3-414B-A201-A470DC28C69C}.Release|Any CPU.ActiveCfg = Release|Any CPU
		{B946E92E-3EE3-414B-A201-A470DC28C69C}.Release|Any CPU.Build.0 = Release|Any CPU
	EndGlobalSection
EndGlobal
