
Microsoft Visual Studio Solution File, Format Version 12.00
# Visual Studio Version 17
VisualStudioVersion = 17.4.33110.190
MinimumVisualStudioVersion = 10.0.40219.1
Project("{FAE04EC0-301F-11D3-BF4B-00C04F79EFBC}") = "Foreach Loops and Switch Statement challenge", "Foreach Loops and Switch Statement challenge\Foreach Loops and Switch Statement challenge.csproj", "{C0589F6E-2B5D-49FB-B848-347B0BBBDCE0}"
EndProject
Global
	GlobalSection(SolutionConfigurationPlatforms) = preSolution
		Debug|Any CPU = Debug|Any CPU
		Release|Any CPU = Release|Any CPU
	EndGlobalSection
	GlobalSection(ProjectConfigurationPlatforms) = postSolution
		{C0589F6E-2B5D-49FB-B848-347B0BBBDCE0}.Debug|Any CPU.ActiveCfg = Debug|Any CPU
		{C0589F6E-2B5D-49FB-B848-347B0BBBDCE0}.Debug|Any CPU.Build.0 = Debug|Any CPU
		{C0589F6E-2B5D-49FB-B848-347B0BBBDCE0}.Release|Any CPU.ActiveCfg = Release|Any CPU
		{C0589F6E-2B5D-49FB-B848-347B0BBBDCE0}.Release|Any CPU.Build.0 = Release|Any CPU
	EndGlobalSection
	GlobalSection(SolutionProperties) = preSolution
		HideSolutionNode = FALSE
	EndGlobalSection
	GlobalSection(ExtensibilityGlobals) = postSolution
		SolutionGuid = {45F1D63A-CAF7-4C44-9CE3-9939D108E598}
	EndGlobalSection
EndGlobal
