
Microsoft Visual Studio Solution File, Format Version 12.00
Project("{FAE04EC0-301F-11D3-BF4B-00C04F79EFBC}") = "Inheritance DEMO - Posts", "Inheritance DEMO - Posts\Inheritance DEMO - Posts.csproj", "{7AD5A98A-4724-4665-AFE3-B2B490DB3127}"
EndProject
Global
	GlobalSection(SolutionConfigurationPlatforms) = preSolution
		Debug|Any CPU = Debug|Any CPU
		Release|Any CPU = Release|Any CPU
	EndGlobalSection
	GlobalSection(ProjectConfigurationPlatforms) = postSolution
		{7AD5A98A-4724-4665-AFE3-B2B490DB3127}.Debug|Any CPU.ActiveCfg = Debug|Any CPU
		{7AD5A98A-4724-4665-AFE3-B2B490DB3127}.Debug|Any CPU.Build.0 = Debug|Any CPU
		{7AD5A98A-4724-4665-AFE3-B2B490DB3127}.Release|Any CPU.ActiveCfg = Release|Any CPU
		{7AD5A98A-4724-4665-AFE3-B2B490DB3127}.Release|Any CPU.Build.0 = Release|Any CPU
	EndGlobalSection
EndGlobal
