
Microsoft Visual Studio Solution File, Format Version 12.00
Project("{FAE04EC0-301F-11D3-BF4B-00C04F79EFBC}") = "AnonymousMethods and LambdaExpressions", "AnonymousMethods and LambdaExpressions\AnonymousMethods and LambdaExpressions.csproj", "{0B63FC41-D7C7-496F-800A-C9D60E38D15A}"
EndProject
Global
	GlobalSection(SolutionConfigurationPlatforms) = preSolution
		Debug|Any CPU = Debug|Any CPU
		Release|Any CPU = Release|Any CPU
	EndGlobalSection
	GlobalSection(ProjectConfigurationPlatforms) = postSolution
		{0B63FC41-D7C7-496F-800A-C9D60E38D15A}.Debug|Any CPU.ActiveCfg = Debug|Any CPU
		{0B63FC41-D7C7-496F-800A-C9D60E38D15A}.Debug|Any CPU.Build.0 = Debug|Any CPU
		{0B63FC41-D7C7-496F-800A-C9D60E38D15A}.Release|Any CPU.ActiveCfg = Release|Any CPU
		{0B63FC41-D7C7-496F-800A-C9D60E38D15A}.Release|Any CPU.Build.0 = Release|Any CPU
	EndGlobalSection
EndGlobal
