
Microsoft Visual Studio Solution File, Format Version 12.00
Project("{FAE04EC0-301F-11D3-BF4B-00C04F79EFBC}") = "PolymorphismChallange", "PolymorphismChallange\PolymorphismChallange.csproj", "{4391A2D1-4F11-4F14-935F-314EF5CFE128}"
EndProject
Global
	GlobalSection(SolutionConfigurationPlatforms) = preSolution
		Debug|Any CPU = Debug|Any CPU
		Release|Any CPU = Release|Any CPU
	EndGlobalSection
	GlobalSection(ProjectConfigurationPlatforms) = postSolution
		{4391A2D1-4F11-4F14-935F-314EF5CFE128}.Debug|Any CPU.ActiveCfg = Debug|Any CPU
		{4391A2D1-4F11-4F14-935F-314EF5CFE128}.Debug|Any CPU.Build.0 = Debug|Any CPU
		{4391A2D1-4F11-4F14-935F-314EF5CFE128}.Release|Any CPU.ActiveCfg = Release|Any CPU
		{4391A2D1-4F11-4F14-935F-314EF5CFE128}.Release|Any CPU.Build.0 = Release|Any CPU
	EndGlobalSection
EndGlobal
