
Microsoft Visual Studio Solution File, Format Version 12.00
Project("{FAE04EC0-301F-11D3-BF4B-00C04F79EFBC}") = "Enums", "Enums\Enums.csproj", "{7E43A6F3-5405-423A-A80F-8813F7E20C88}"
EndProject
Global
	GlobalSection(SolutionConfigurationPlatforms) = preSolution
		Debug|Any CPU = Debug|Any CPU
		Release|Any CPU = Release|Any CPU
	EndGlobalSection
	GlobalSection(ProjectConfigurationPlatforms) = postSolution
		{7E43A6F3-5405-423A-A80F-8813F7E20C88}.Debug|Any CPU.ActiveCfg = Debug|Any CPU
		{7E43A6F3-5405-423A-A80F-8813F7E20C88}.Debug|Any CPU.Build.0 = Debug|Any CPU
		{7E43A6F3-5405-423A-A80F-8813F7E20C88}.Release|Any CPU.ActiveCfg = Release|Any CPU
		{7E43A6F3-5405-423A-A80F-8813F7E20C88}.Release|Any CPU.Build.0 = Release|Any CPU
	EndGlobalSection
EndGlobal
